
Microsoft Visual Studio Solution File, Format Version 12.00
# Visual Studio Version 17
VisualStudioVersion = 17.0.31808.319
MinimumVisualStudioVersion = 10.0.40219.1
Project("{9A19103F-16F7-4668-BE54-9A1E7A4F7556}") = "Vortice.Vulkan", "src\Vortice.Vulkan\Vortice.Vulkan.csproj", "{4C0E11CB-B3EA-4117-9504-A35361A86238}"
EndProject
Project("{9A19103F-16F7-4668-BE54-9A1E7A4F7556}") = "Generator", "src\Generator\Generator.csproj", "{7AC14871-D8A0-4E20-B7EF-2BA5F028440C}"
EndProject
Project("{2150E333-8FDC-42A3-9474-1A3956D46DE8}") = "samples", "samples", "{08F6AF96-809B-45C5-BE6C-5BAB7D9AFB60}"
EndProject
Project("{9A19103F-16F7-4668-BE54-9A1E7A4F7556}") = "01-ClearScreen", "src\samples\01-ClearScreen\01-ClearScreen.csproj", "{5A10816D-90A4-4AEA-B06E-6A463DA4A891}"
EndProject
Project("{2150E333-8FDC-42A3-9474-1A3956D46DE8}") = "build", "build", "{065268A8-16E6-4CFF-8F67-3FD99155877F}"
	ProjectSection(SolutionItems) = preProject
		.editorconfig = .editorconfig
		.gitignore = .gitignore
		Directory.Build.props = Directory.Build.props
		Directory.Build.targets = Directory.Build.targets
		Directory.Packages.props = Directory.Packages.props
		LICENSE = LICENSE
		NuGet.config = NuGet.config
		README.md = README.md
	EndProjectSection
EndProject
Project("{9A19103F-16F7-4668-BE54-9A1E7A4F7556}") = "Vortice.ShaderCompiler", "src\Vortice.ShaderCompiler\Vortice.ShaderCompiler.csproj", "{F05A7F03-AB20-41C9-B1B8-F0D3A32D6B19}"
EndProject
Project("{2150E333-8FDC-42A3-9474-1A3956D46DE8}") = "tests", "tests", "{253C0AE5-70CF-4519-A8B6-4395B5ABD4DA}"
EndProject
Project("{9A19103F-16F7-4668-BE54-9A1E7A4F7556}") = "Vortice.ShaderCompiler.Test", "src\tests\Vortice.ShaderCompiler.Test\Vortice.ShaderCompiler.Test.csproj", "{898042D9-7E34-40AE-ACC6-A43B25907CFA}"
EndProject
Project("{9A19103F-16F7-4668-BE54-9A1E7A4F7556}") = "Vortice.Vulkan.SampleFramework", "src\samples\Vortice.Vulkan.SampleFramework\Vortice.Vulkan.SampleFramework.csproj", "{DDF1A64E-1B31-44C3-9B08-FDBD16661FD8}"
EndProject
Project("{9A19103F-16F7-4668-BE54-9A1E7A4F7556}") = "02-DrawTriangle", "src\samples\02-DrawTriangle\02-DrawTriangle.csproj", "{F3C67C03-920C-414F-8B18-728660045060}"
EndProject
Project("{9A19103F-16F7-4668-BE54-9A1E7A4F7556}") = "Vortice.VulkanMemoryAllocator", "src\Vortice.VulkanMemoryAllocator\Vortice.VulkanMemoryAllocator.csproj", "{0E5A5DA6-4DA1-4218-B4FF-2BF9B941FA1E}"
EndProject
Project("{9A19103F-16F7-4668-BE54-9A1E7A4F7556}") = "Vortice.SpirvCross", "src\Vortice.SpirvCross\Vortice.SpirvCross.csproj", "{838B349A-A8CE-48F6-BC77-12571A2E0B36}"
EndProject
Project("{9A19103F-16F7-4668-BE54-9A1E7A4F7556}") = "Vortice.SpirvCross.Test", "src\tests\Vortice.SpirvCross.Test\Vortice.SpirvCross.Test.csproj", "{DFDAD3C7-EB3E-4D55-A150-49CAD7374DB6}"
EndProject
Global
	GlobalSection(SolutionConfigurationPlatforms) = preSolution
		Debug|Any CPU = Debug|Any CPU
		Release|Any CPU = Release|Any CPU
	EndGlobalSection
	GlobalSection(ProjectConfigurationPlatforms) = postSolution
		{4C0E11CB-B3EA-4117-9504-A35361A86238}.Debug|Any CPU.ActiveCfg = Debug|Any CPU
		{4C0E11CB-B3EA-4117-9504-A35361A86238}.Debug|Any CPU.Build.0 = Debug|Any CPU
		{4C0E11CB-B3EA-4117-9504-A35361A86238}.Release|Any CPU.ActiveCfg = Release|Any CPU
		{4C0E11CB-B3EA-4117-9504-A35361A86238}.Release|Any CPU.Build.0 = Release|Any CPU
		{7AC14871-D8A0-4E20-B7EF-2BA5F028440C}.Debug|Any CPU.ActiveCfg = Debug|Any CPU
		{7AC14871-D8A0-4E20-B7EF-2BA5F028440C}.Debug|Any CPU.Build.0 = Debug|Any CPU
		{7AC14871-D8A0-4E20-B7EF-2BA5F028440C}.Release|Any CPU.ActiveCfg = Release|Any CPU
		{7AC14871-D8A0-4E20-B7EF-2BA5F028440C}.Release|Any CPU.Build.0 = Release|Any CPU
		{5A10816D-90A4-4AEA-B06E-6A463DA4A891}.Debug|Any CPU.ActiveCfg = Debug|Any CPU
		{5A10816D-90A4-4AEA-B06E-6A463DA4A891}.Debug|Any CPU.Build.0 = Debug|Any CPU
		{5A10816D-90A4-4AEA-B06E-6A463DA4A891}.Release|Any CPU.ActiveCfg = Release|Any CPU
		{5A10816D-90A4-4AEA-B06E-6A463DA4A891}.Release|Any CPU.Build.0 = Release|Any CPU
		{F05A7F03-AB20-41C9-B1B8-F0D3A32D6B19}.Debug|Any CPU.ActiveCfg = Debug|Any CPU
		{F05A7F03-AB20-41C9-B1B8-F0D3A32D6B19}.Debug|Any CPU.Build.0 = Debug|Any CPU
		{F05A7F03-AB20-41C9-B1B8-F0D3A32D6B19}.Release|Any CPU.ActiveCfg = Release|Any CPU
		{F05A7F03-AB20-41C9-B1B8-F0D3A32D6B19}.Release|Any CPU.Build.0 = Release|Any CPU
		{898042D9-7E34-40AE-ACC6-A43B25907CFA}.Debug|Any CPU.ActiveCfg = Debug|Any CPU
		{898042D9-7E34-40AE-ACC6-A43B25907CFA}.Debug|Any CPU.Build.0 = Debug|Any CPU
		{898042D9-7E34-40AE-ACC6-A43B25907CFA}.Release|Any CPU.ActiveCfg = Release|Any CPU
		{898042D9-7E34-40AE-ACC6-A43B25907CFA}.Release|Any CPU.Build.0 = Release|Any CPU
		{DDF1A64E-1B31-44C3-9B08-FDBD16661FD8}.Debug|Any CPU.ActiveCfg = Debug|Any CPU
		{DDF1A64E-1B31-44C3-9B08-FDBD16661FD8}.Debug|Any CPU.Build.0 = Debug|Any CPU
		{DDF1A64E-1B31-44C3-9B08-FDBD16661FD8}.Release|Any CPU.ActiveCfg = Release|Any CPU
		{DDF1A64E-1B31-44C3-9B08-FDBD16661FD8}.Release|Any CPU.Build.0 = Release|Any CPU
		{F3C67C03-920C-414F-8B18-728660045060}.Debug|Any CPU.ActiveCfg = Debug|Any CPU
		{F3C67C03-920C-414F-8B18-728660045060}.Debug|Any CPU.Build.0 = Debug|Any CPU
		{F3C67C03-920C-414F-8B18-728660045060}.Release|Any CPU.ActiveCfg = Release|Any CPU
		{F3C67C03-920C-414F-8B18-728660045060}.Release|Any CPU.Build.0 = Release|Any CPU
		{0E5A5DA6-4DA1-4218-B4FF-2BF9B941FA1E}.Debug|Any CPU.ActiveCfg = Debug|Any CPU
		{0E5A5DA6-4DA1-4218-B4FF-2BF9B941FA1E}.Debug|Any CPU.Build.0 = Debug|Any CPU
		{0E5A5DA6-4DA1-4218-B4FF-2BF9B941FA1E}.Release|Any CPU.ActiveCfg = Release|Any CPU
		{0E5A5DA6-4DA1-4218-B4FF-2BF9B941FA1E}.Release|Any CPU.Build.0 = Release|Any CPU
		{838B349A-A8CE-48F6-BC77-12571A2E0B36}.Debug|Any CPU.ActiveCfg = Debug|Any CPU
		{838B349A-A8CE-48F6-BC77-12571A2E0B36}.Debug|Any CPU.Build.0 = Debug|Any CPU
		{838B349A-A8CE-48F6-BC77-12571A2E0B36}.Release|Any CPU.ActiveCfg = Release|Any CPU
		{838B349A-A8CE-48F6-BC77-12571A2E0B36}.Release|Any CPU.Build.0 = Release|Any CPU
		{DFDAD3C7-EB3E-4D55-A150-49CAD7374DB6}.Debug|Any CPU.ActiveCfg = Debug|Any CPU
		{DFDAD3C7-EB3E-4D55-A150-49CAD7374DB6}.Debug|Any CPU.Build.0 = Debug|Any CPU
		{DFDAD3C7-EB3E-4D55-A150-49CAD7374DB6}.Release|Any CPU.ActiveCfg = Release|Any CPU
		{DFDAD3C7-EB3E-4D55-A150-49CAD7374DB6}.Release|Any CPU.Build.0 = Release|Any CPU
	EndGlobalSection
	GlobalSection(SolutionProperties) = preSolution
		HideSolutionNode = FALSE
	EndGlobalSection
	GlobalSection(NestedProjects) = preSolution
		{5A10816D-90A4-4AEA-B06E-6A463DA4A891} = {08F6AF96-809B-45C5-BE6C-5BAB7D9AFB60}
		{898042D9-7E34-40AE-ACC6-A43B25907CFA} = {253C0AE5-70CF-4519-A8B6-4395B5ABD4DA}
		{DDF1A64E-1B31-44C3-9B08-FDBD16661FD8} = {08F6AF96-809B-45C5-BE6C-5BAB7D9AFB60}
		{F3C67C03-920C-414F-8B18-728660045060} = {08F6AF96-809B-45C5-BE6C-5BAB7D9AFB60}
		{DFDAD3C7-EB3E-4D55-A150-49CAD7374DB6} = {253C0AE5-70CF-4519-A8B6-4395B5ABD4DA}
	EndGlobalSection
	GlobalSection(ExtensibilityGlobals) = postSolution
		SolutionGuid = {DF0375B3-E304-4A53-8E5F-FC9D23743647}
	EndGlobalSection
EndGlobal
